{
  "version": 4,
  "terraform_version": "1.3.2",
  "serial": 8,
  "lineage": "2894e441-b580-ccdb-d277-b1d5bfbd2902",
  "outputs": {},
  "resources": [
    {
      "mode": "managed",
      "type": "google_compute_network",
      "name": "vpc",
      "provider": "provider[\"registry.terraform.io/hashicorp/google\"]",
      "instances": [
        {
          "schema_version": 0,
          "attributes": {
            "auto_create_subnetworks": false,
            "delete_default_routes_on_create": false,
            "description": "",
            "gateway_ipv4": "",
            "id": "projects/peerprep-363807/global/networks/peerprep-363807-vpc",
            "mtu": 0,
            "name": "peerprep-363807-vpc",
            "project": "peerprep-363807",
            "routing_mode": "REGIONAL",
            "self_link": "https://www.googleapis.com/compute/v1/projects/peerprep-363807/global/networks/peerprep-363807-vpc",
            "timeouts": null
          },
          "sensitive_attributes": [],
          "private": "eyJlMmJmYjczMC1lY2FhLTExZTYtOGY4OC0zNDM2M2JjN2M0YzAiOnsiY3JlYXRlIjoxMjAwMDAwMDAwMDAwLCJkZWxldGUiOjEyMDAwMDAwMDAwMDAsInVwZGF0ZSI6MTIwMDAwMDAwMDAwMH19"
        }
      ]
    },
    {
      "mode": "managed",
      "type": "google_compute_subnetwork",
      "name": "subnet",
      "provider": "provider[\"registry.terraform.io/hashicorp/google\"]",
      "instances": [
        {
          "schema_version": 0,
          "attributes": {
            "creation_timestamp": "2022-10-26T02:18:57.226-07:00",
            "description": "",
            "external_ipv6_prefix": "",
            "fingerprint": null,
            "gateway_address": "10.10.0.1",
            "id": "projects/peerprep-363807/regions/us-central1/subnetworks/peerprep-363807-subnet",
            "ip_cidr_range": "10.10.0.0/24",
            "ipv6_access_type": "",
            "ipv6_cidr_range": "",
            "log_config": [],
            "name": "peerprep-363807-subnet",
            "network": "https://www.googleapis.com/compute/v1/projects/peerprep-363807/global/networks/peerprep-363807-vpc",
            "private_ip_google_access": false,
            "private_ipv6_google_access": "DISABLE_GOOGLE_ACCESS",
            "project": "peerprep-363807",
            "purpose": "PRIVATE",
            "region": "us-central1",
            "role": "",
            "secondary_ip_range": [],
            "self_link": "https://www.googleapis.com/compute/v1/projects/peerprep-363807/regions/us-central1/subnetworks/peerprep-363807-subnet",
            "stack_type": "IPV4_ONLY",
            "timeouts": null
          },
          "sensitive_attributes": [],
          "private": "eyJlMmJmYjczMC1lY2FhLTExZTYtOGY4OC0zNDM2M2JjN2M0YzAiOnsiY3JlYXRlIjoxMjAwMDAwMDAwMDAwLCJkZWxldGUiOjEyMDAwMDAwMDAwMDAsInVwZGF0ZSI6MTIwMDAwMDAwMDAwMH19",
          "dependencies": [
            "google_compute_network.vpc"
          ]
        }
      ]
    },
    {
      "mode": "managed",
      "type": "google_container_cluster",
      "name": "primary",
      "provider": "provider[\"registry.terraform.io/hashicorp/google\"]",
      "instances": [
        {
          "schema_version": 1,
          "attributes": {
            "addons_config": [
              {
                "cloudrun_config": [],
                "horizontal_pod_autoscaling": [],
                "http_load_balancing": [],
                "network_policy_config": [
                  {
                    "disabled": true
                  }
                ]
              }
            ],
            "authenticator_groups_config": [],
            "cluster_autoscaling": [
              {
                "auto_provisioning_defaults": [
                  {
                    "oauth_scopes": [
                      "https://www.googleapis.com/auth/devstorage.read_only",
                      "https://www.googleapis.com/auth/logging.write",
                      "https://www.googleapis.com/auth/monitoring",
                      "https://www.googleapis.com/auth/service.management.readonly",
                      "https://www.googleapis.com/auth/servicecontrol",
                      "https://www.googleapis.com/auth/trace.append"
                    ],
                    "service_account": "default"
                  }
                ],
                "enabled": true,
                "resource_limits": [
                  {
                    "maximum": 1000000000,
                    "minimum": 0,
                    "resource_type": "cpu"
                  },
                  {
                    "maximum": 1000000000,
                    "minimum": 0,
                    "resource_type": "memory"
                  },
                  {
                    "maximum": 1000000000,
                    "minimum": 0,
                    "resource_type": "nvidia-tesla-t4"
                  },
                  {
                    "maximum": 1000000000,
                    "minimum": 0,
                    "resource_type": "nvidia-tesla-a100"
                  }
                ]
              }
            ],
            "cluster_ipv4_cidr": "10.118.128.0/17",
            "confidential_nodes": [],
            "database_encryption": [
              {
                "key_name": "",
                "state": "DECRYPTED"
              }
            ],
            "datapath_provider": "ADVANCED_DATAPATH",
            "default_max_pods_per_node": 110,
            "default_snat_status": [
              {
                "disabled": false
              }
            ],
            "description": "",
            "enable_autopilot": true,
            "enable_binary_authorization": false,
            "enable_intranode_visibility": true,
            "enable_kubernetes_alpha": false,
            "enable_legacy_abac": false,
            "enable_shielded_nodes": true,
            "enable_tpu": false,
            "endpoint": "34.171.67.4",
            "id": "projects/peerprep-363807/locations/us-central1/clusters/peerprep-363807-cluster-terraform",
            "initial_node_count": 0,
            "ip_allocation_policy": [
              {
                "cluster_ipv4_cidr_block": "10.118.128.0/17",
                "cluster_secondary_range_name": "gke-peerprep-363807-cluster-terraform-pods-5c478623",
                "services_ipv4_cidr_block": "10.119.0.0/22",
                "services_secondary_range_name": "gke-peerprep-363807-cluster-terraform-services-5c478623"
              }
            ],
            "label_fingerprint": "a9dc16a7",
            "location": "us-central1",
            "logging_config": [
              {
                "enable_components": [
                  "SYSTEM_COMPONENTS",
                  "WORKLOADS"
                ]
              }
            ],
            "logging_service": "logging.googleapis.com/kubernetes",
            "maintenance_policy": [],
            "master_auth": [
              {
                "client_certificate": "",
                "client_certificate_config": [
                  {
                    "issue_client_certificate": false
                  }
                ],
                "client_key": "",
                "cluster_ca_certificate": "LS0tLS1CRUdJTiBDRVJUSUZJQ0FURS0tLS0tCk1JSUVMVENDQXBXZ0F3SUJBZ0lSQVBSOWRNWjIydFhCQ2c2eUNhTCsvdFl3RFFZSktvWklodmNOQVFFTEJRQXcKTHpFdE1Dc0dBMVVFQXhNa01qTTVaVGRtTlRBdE16VmhOaTAwT1RSbUxXRmtNRGt0TkdObE1UUXhaR1l5TURNNApNQ0FYRFRJeU1UQXlOakE0TWpJek5sb1lEekl3TlRJeE1ERTRNRGt5TWpNMldqQXZNUzB3S3dZRFZRUURFeVF5Ck16bGxOMlkxTUMwek5XRTJMVFE1TkdZdFlXUXdPUzAwWTJVeE5ERmtaakl3TXpnd2dnR2lNQTBHQ1NxR1NJYjMKRFFFQkFRVUFBNElCandBd2dnR0tBb0lCZ1FDbkdUUWNOZ1JxOStRakhCTU8yemtrdGJ6WXhrZHNMcVpzRlBuNgpnUW9yWEJ3UUV4ZG9hQlFJSVYvanJqd21WZ0dNMTdxN1JldjZyaXZHSzFWM0ZtZ2ovWlc2WTA4L0I5azZhMU1YClFITDN5NU5PU0NETi9ydlY1VFh6Y2FyVndXbnVFbkUzbEl1MFM0dWF6L0lXNHRPb3dXV3JzTUhNL0xVZkMxZXYKblFEbndEZ3NOTE54eVdzN1BFWnpoSGlXRXFoL3dNd0dublR3WVc5emVvbHFVTVVQemI0N0kzSGYyTFdmY2xpegprWlVrREx1aDlPVUx6b2l1amxCU0pmb0s2bXo5cjlkbnhGcUpyMEN3Q3dtVzVzd3V3b2xEVDc4YUZyNEdiaVpEClFDeFF6TlJ3Zm1WdUxQcFhKNzlaZ2dmS2plZ2plUmEvNUxWQTVuVUlJUFdiVndITWhvTTRhTVNBRDZseVp0ZGUKTCsrczErQUxJY3NnU28vVm02TllLeTBXYjFLbWpUenVaaFJIMW44UlA1WjlqTHlqVzdVRkpRWnFsUnFJemtuMwpvV1dTY21uUGdGVzd2UTdoM0lOcDZuUkMxeEYwaHlXWmp6MTBhUGNQTFNDL0lBNU9ZRHA0RDc3L2NCbmw0S3BkCkdUOEg1MXFTYWEyeldFeUt5cTkrTTZ2VG5za0NBd0VBQWFOQ01FQXdEZ1lEVlIwUEFRSC9CQVFEQWdJRU1BOEcKQTFVZEV3RUIvd1FGTUFNQkFmOHdIUVlEVlIwT0JCWUVGSUFtamNwcHdiRWpmOVE2UmpEd0hQL05heGkwTUEwRwpDU3FHU0liM0RRRUJDd1VBQTRJQmdRQ1ZMdno3N3pZaHc4TGxKRHNlRTlwRjc5NkRUaGhDd3Znak41Vm9kSWJNCmI2aTZYOGp5SlRuNGpQaWxtTXdTRUJRMkJFSWV3UWNIdEVLVDFLZlh0eWQxSHNSU0VyTjlVb3dRbXdzOVhIN3UKbXB5VzRlc2ovcThIL1lTZkhhSWx2YzRpUDdyWFZndDNQMW5vdkVCNmo5RnZVc2xYcHl1dXZwOVdMLzRwYk8rUQpKMHdMYTVDb2FwL0lJZVZUejZEOC9JOForY3NBdk9SdGVRbThCVVNaMW82cy9VV3hzMlhmUXFzS1NzOFdZOU5oCmllNkwvYmpubkVOZXRQZDAyYjZuZ245dkdRRkg0QS9nSzlyTm5RUXhGZjZ3UjVpY3hOaDFxYW1KU2JJbWVVT2EKSC9aaGtqbWN2c2VCMUgyRUNERmR5b2JIdXJhNG9DQzlTT05aWE9ndmxxVGtqeFhNOXZkbTAvNElMSHZsUlY2dApzd0pETW0yVmFjSjVaVEF5Tkhxd1lQMnkvNlNmck1aL0lYRkRibGRSWTZVVTBPT0hDdDdiT2JQalhabjdkZDN3ClN1ZWJWc3E4NWd2TWhmTFhESytoaU9jSGc2M0twVXNBUk5YdWNQM2tuYmlFQ0J5Tml3VHQranFrRjAvWEQ0aUMKMEg1WW9lZDZYOThtWGJ5TFNsYWt6OWs9Ci0tLS0tRU5EIENFUlRJRklDQVRFLS0tLS0K"
              }
            ],
            "master_authorized_networks_config": [],
            "master_version": "1.22.12-gke.2300",
            "min_master_version": null,
            "monitoring_config": [
              {
                "enable_components": [
                  "SYSTEM_COMPONENTS"
                ]
              }
            ],
            "monitoring_service": "monitoring.googleapis.com/kubernetes",
            "name": "peerprep-363807-cluster-terraform",
            "network": "projects/peerprep-363807/global/networks/peerprep-363807-vpc",
            "network_policy": [
              {
                "enabled": false,
                "provider": "PROVIDER_UNSPECIFIED"
              }
            ],
            "networking_mode": "VPC_NATIVE",
            "node_config": [
              {
                "disk_size_gb": 100,
                "disk_type": "pd-standard",
                "gcfs_config": [],
                "guest_accelerator": [],
                "image_type": "COS_CONTAINERD",
                "labels": {},
                "local_ssd_count": 0,
                "machine_type": "e2-medium",
                "metadata": {
                  "disable-legacy-endpoints": "true"
                },
                "min_cpu_platform": "",
                "node_group": "",
                "oauth_scopes": [
                  "https://www.googleapis.com/auth/devstorage.read_only",
                  "https://www.googleapis.com/auth/logging.write",
                  "https://www.googleapis.com/auth/monitoring",
                  "https://www.googleapis.com/auth/service.management.readonly",
                  "https://www.googleapis.com/auth/servicecontrol",
                  "https://www.googleapis.com/auth/trace.append"
                ],
                "preemptible": false,
                "service_account": "default",
                "shielded_instance_config": [
                  {
                    "enable_integrity_monitoring": true,
                    "enable_secure_boot": true
                  }
                ],
                "tags": [],
                "taint": [],
                "workload_metadata_config": [
                  {
                    "mode": "GKE_METADATA"
                  }
                ]
              }
            ],
            "node_locations": [
              "us-central1-a",
              "us-central1-b",
              "us-central1-c",
              "us-central1-f"
            ],
            "node_pool": [
              {
                "autoscaling": [
                  {
                    "max_node_count": 1000,
                    "min_node_count": 0
                  }
                ],
                "initial_node_count": 1,
                "instance_group_urls": [],
                "managed_instance_group_urls": [],
                "management": [
                  {
                    "auto_repair": true,
                    "auto_upgrade": true
                  }
                ],
                "max_pods_per_node": 32,
                "name": "default-pool",
                "name_prefix": "",
                "node_config": [
                  {
                    "disk_size_gb": 100,
                    "disk_type": "pd-standard",
                    "gcfs_config": [],
                    "guest_accelerator": [],
                    "image_type": "COS_CONTAINERD",
                    "labels": {},
                    "local_ssd_count": 0,
                    "machine_type": "e2-medium",
                    "metadata": {
                      "disable-legacy-endpoints": "true"
                    },
                    "min_cpu_platform": "",
                    "node_group": "",
                    "oauth_scopes": [
                      "https://www.googleapis.com/auth/devstorage.read_only",
                      "https://www.googleapis.com/auth/logging.write",
                      "https://www.googleapis.com/auth/monitoring",
                      "https://www.googleapis.com/auth/service.management.readonly",
                      "https://www.googleapis.com/auth/servicecontrol",
                      "https://www.googleapis.com/auth/trace.append"
                    ],
                    "preemptible": false,
                    "service_account": "default",
                    "shielded_instance_config": [
                      {
                        "enable_integrity_monitoring": true,
                        "enable_secure_boot": true
                      }
                    ],
                    "tags": [],
                    "taint": [],
                    "workload_metadata_config": [
                      {
                        "mode": "GKE_METADATA"
                      }
                    ]
                  }
                ],
                "node_count": 0,
                "node_locations": [
                  "us-central1-a",
                  "us-central1-c"
                ],
                "upgrade_settings": [
                  {
                    "max_surge": 1,
                    "max_unavailable": 0
                  }
                ],
                "version": "1.22.12-gke.2300"
              }
            ],
            "node_version": "1.22.12-gke.2300",
            "operation": null,
            "private_cluster_config": [],
            "private_ipv6_google_access": "",
            "project": "peerprep-363807",
            "release_channel": [
              {
                "channel": "REGULAR"
              }
            ],
            "remove_default_node_pool": null,
            "resource_labels": null,
            "resource_usage_export_config": [],
            "self_link": "https://container.googleapis.com/v1/projects/peerprep-363807/locations/us-central1/clusters/peerprep-363807-cluster-terraform",
            "services_ipv4_cidr": "10.119.0.0/22",
            "subnetwork": "projects/peerprep-363807/regions/us-central1/subnetworks/peerprep-363807-subnet",
            "timeouts": null,
            "tpu_ipv4_cidr_block": "",
            "vertical_pod_autoscaling": [
              {
                "enabled": true
              }
            ],
            "workload_identity_config": [
              {
                "workload_pool": "peerprep-363807.svc.id.goog"
              }
            ]
          },
          "sensitive_attributes": [],
          "private": "eyJlMmJmYjczMC1lY2FhLTExZTYtOGY4OC0zNDM2M2JjN2M0YzAiOnsiY3JlYXRlIjoyNDAwMDAwMDAwMDAwLCJkZWxldGUiOjI0MDAwMDAwMDAwMDAsInJlYWQiOjI0MDAwMDAwMDAwMDAsInVwZGF0ZSI6MzYwMDAwMDAwMDAwMH0sInNjaGVtYV92ZXJzaW9uIjoiMSJ9",
          "dependencies": [
            "google_compute_network.vpc",
            "google_compute_subnetwork.subnet"
          ]
        }
      ]
    }
  ],
  "check_results": []
}
